
Microsoft Visual Studio Solution File, Format Version 12.00
# Visual Studio Version 16
VisualStudioVersion = 16.0.34031.81
MinimumVisualStudioVersion = 10.0.40219.1
Project("{2150E333-8FDC-42A3-9474-1A3956D46DE8}") = "Task0", "Task0", "{41E05466-7531-453F-83F2-51C80B5A2311}"
EndProject
Project("{FAE04EC0-301F-11D3-BF4B-00C04F79EFBC}") = "Tyuiu.ChepurnykhSR.Sprint0.Task0.V0", "Tyuiu.ChepurnykhSR.Sprint0.Task0.V0\Tyuiu.ChepurnykhSR.Sprint0.Task0.V0.csproj", "{F0E2A9BA-41CB-4C81-AA73-E4D478188A06}"
EndProject
Project("{2150E333-8FDC-42A3-9474-1A3956D46DE8}") = "Task1", "Task1", "{11783D55-DA11-484F-9072-3A4502C34003}"
EndProject
Project("{FAE04EC0-301F-11D3-BF4B-00C04F79EFBC}") = "Tyuiu.ChepurnykhSR.Sprint0.Task1.V0", "Tyuiu.ChepurnykhSR.Sprint0.Task1.V0\Tyuiu.ChepurnykhSR.Sprint0.Task1.V0.csproj", "{863D6BF1-070B-49E0-812D-88D493B8BED6}"
EndProject
Project("{2150E333-8FDC-42A3-9474-1A3956D46DE8}") = "Task2", "Task2", "{1F7D95C6-6F6F-468E-8C1D-2483203953C5}"
EndProject
Project("{FAE04EC0-301F-11D3-BF4B-00C04F79EFBC}") = "Tyuiu.ChepurnykhSR.Sprint0.Task2.V0", "Tyuiu.ChepurnykhSR.Sprint0.Task2.V0\Tyuiu.ChepurnykhSR.Sprint0.Task2.V0.csproj", "{A907A3E5-4557-4F8C-90CB-31828D9D74D1}"
EndProject
Project("{FAE04EC0-301F-11D3-BF4B-00C04F79EFBC}") = "Tyuiu.ChepurnykhSR.Sprint0.Task2.V0.Lib", "Tyuiu.ChepurnykhSR.Sprint0.Task2.V0.Lib\Tyuiu.ChepurnykhSR.Sprint0.Task2.V0.Lib.csproj", "{638C4E31-9A36-4F65-B845-4FAB3F55EEA9}"
EndProject
Project("{FAE04EC0-301F-11D3-BF4B-00C04F79EFBC}") = "Tyuiu.ChepurnykhSR.Sprint0.Task2.V0.Test", "Tyuiu.ChepurnykhSR.Sprint0.Task2.V0.Test\Tyuiu.ChepurnykhSR.Sprint0.Task2.V0.Test.csproj", "{AABF67A6-B1A3-4EA1-86E8-FEFBBA58FE55}"
EndProject
Project("{2150E333-8FDC-42A3-9474-1A3956D46DE8}") = "Task3", "Task3", "{2874FE92-8FDC-448F-A4C7-8BCD3B2E5A90}"
EndProject
Project("{FAE04EC0-301F-11D3-BF4B-00C04F79EFBC}") = "Tyuiu.ChepurnykhSR.Sprint0.Task3.V0", "Tyuiu.ChepurnykhSR.Sprint0.Task3.V0\Tyuiu.ChepurnykhSR.Sprint0.Task3.V0.csproj", "{6AF2E3CB-0281-4B6B-B9C5-8D38C49FECEC}"
EndProject
Project("{FAE04EC0-301F-11D3-BF4B-00C04F79EFBC}") = "Tyuiu.ChepurnykhSR.Sprint0.Task3.V0.Lib", "Tyuiu.ChepurnykhSR.Sprint0.Task3.V0.Lib\Tyuiu.ChepurnykhSR.Sprint0.Task3.V0.Lib.csproj", "{FFD2123E-886D-468E-84EC-A6965DAE8825}"
EndProject
Project("{FAE04EC0-301F-11D3-BF4B-00C04F79EFBC}") = "Tyuiu.ChepurnykhSR.Sprint0.Task3.V0.Test", "Tyuiu.ChepurnykhSR.Sprint0.Task3.V0.Test\Tyuiu.ChepurnykhSR.Sprint0.Task3.V0.Test.csproj", "{A9D53AEC-0624-427A-94F4-3A0E7C9D72B7}"
EndProject
Project("{2150E333-8FDC-42A3-9474-1A3956D46DE8}") = "Task4", "Task4", "{BC25AB99-0F02-4466-B668-7B8DC7309EB7}"
EndProject
Project("{FAE04EC0-301F-11D3-BF4B-00C04F79EFBC}") = "Tyuiu.ChepurnykhSR.Sprint0.Task4.V0", "Tyuiu.ChepurnykhSR.Sprint0.Task4.V0\Tyuiu.ChepurnykhSR.Sprint0.Task4.V0.csproj", "{042FCCFB-289B-4173-8270-0A08D38BC7C4}"
EndProject
Project("{FAE04EC0-301F-11D3-BF4B-00C04F79EFBC}") = "Tyuiu.ChepurnykhSR.Sprint0.Task4.V0.Lib", "Tyuiu.ChepurnykhSR.Sprint0.Task4.V0.Lib\Tyuiu.ChepurnykhSR.Sprint0.Task4.V0.Lib.csproj", "{F7163F01-26F0-4327-86EF-5DF0A8807571}"
EndProject
Project("{FAE04EC0-301F-11D3-BF4B-00C04F79EFBC}") = "Tyuiu.ChepurnykhSR.Sprint0.Task4.V0.Test", "Tyuiu.ChepurnykhSR.Sprint0.Task4.V0.Test\Tyuiu.ChepurnykhSR.Sprint0.Task4.V0.Test.csproj", "{C9EC7EA3-4B58-4A4D-B2C5-A43BC53CAC2C}"
EndProject
Global
	GlobalSection(SolutionConfigurationPlatforms) = preSolution
		Debug|Any CPU = Debug|Any CPU
		Release|Any CPU = Release|Any CPU
	EndGlobalSection
	GlobalSection(ProjectConfigurationPlatforms) = postSolution
		{F0E2A9BA-41CB-4C81-AA73-E4D478188A06}.Debug|Any CPU.ActiveCfg = Debug|Any CPU
		{F0E2A9BA-41CB-4C81-AA73-E4D478188A06}.Debug|Any CPU.Build.0 = Debug|Any CPU
		{F0E2A9BA-41CB-4C81-AA73-E4D478188A06}.Release|Any CPU.ActiveCfg = Release|Any CPU
		{F0E2A9BA-41CB-4C81-AA73-E4D478188A06}.Release|Any CPU.Build.0 = Release|Any CPU
		{863D6BF1-070B-49E0-812D-88D493B8BED6}.Debug|Any CPU.ActiveCfg = Debug|Any CPU
		{863D6BF1-070B-49E0-812D-88D493B8BED6}.Debug|Any CPU.Build.0 = Debug|Any CPU
		{863D6BF1-070B-49E0-812D-88D493B8BED6}.Release|Any CPU.ActiveCfg = Release|Any CPU
		{863D6BF1-070B-49E0-812D-88D493B8BED6}.Release|Any CPU.Build.0 = Release|Any CPU
		{A907A3E5-4557-4F8C-90CB-31828D9D74D1}.Debug|Any CPU.ActiveCfg = Debug|Any CPU
		{A907A3E5-4557-4F8C-90CB-31828D9D74D1}.Debug|Any CPU.Build.0 = Debug|Any CPU
		{A907A3E5-4557-4F8C-90CB-31828D9D74D1}.Release|Any CPU.ActiveCfg = Release|Any CPU
		{A907A3E5-4557-4F8C-90CB-31828D9D74D1}.Release|Any CPU.Build.0 = Release|Any CPU
		{638C4E31-9A36-4F65-B845-4FAB3F55EEA9}.Debug|Any CPU.ActiveCfg = Debug|Any CPU
		{638C4E31-9A36-4F65-B845-4FAB3F55EEA9}.Debug|Any CPU.Build.0 = Debug|Any CPU
		{638C4E31-9A36-4F65-B845-4FAB3F55EEA9}.Release|Any CPU.ActiveCfg = Release|Any CPU
		{638C4E31-9A36-4F65-B845-4FAB3F55EEA9}.Release|Any CPU.Build.0 = Release|Any CPU
		{AABF67A6-B1A3-4EA1-86E8-FEFBBA58FE55}.Debug|Any CPU.ActiveCfg = Debug|Any CPU
		{AABF67A6-B1A3-4EA1-86E8-FEFBBA58FE55}.Debug|Any CPU.Build.0 = Debug|Any CPU
		{AABF67A6-B1A3-4EA1-86E8-FEFBBA58FE55}.Release|Any CPU.ActiveCfg = Release|Any CPU
		{AABF67A6-B1A3-4EA1-86E8-FEFBBA58FE55}.Release|Any CPU.Build.0 = Release|Any CPU
		{6AF2E3CB-0281-4B6B-B9C5-8D38C49FECEC}.Debug|Any CPU.ActiveCfg = Debug|Any CPU
		{6AF2E3CB-0281-4B6B-B9C5-8D38C49FECEC}.Debug|Any CPU.Build.0 = Debug|Any CPU
		{6AF2E3CB-0281-4B6B-B9C5-8D38C49FECEC}.Release|Any CPU.ActiveCfg = Release|Any CPU
		{6AF2E3CB-0281-4B6B-B9C5-8D38C49FECEC}.Release|Any CPU.Build.0 = Release|Any CPU
		{FFD2123E-886D-468E-84EC-A6965DAE8825}.Debug|Any CPU.ActiveCfg = Debug|Any CPU
		{FFD2123E-886D-468E-84EC-A6965DAE8825}.Debug|Any CPU.Build.0 = Debug|Any CPU
		{FFD2123E-886D-468E-84EC-A6965DAE8825}.Release|Any CPU.ActiveCfg = Release|Any CPU
		{FFD2123E-886D-468E-84EC-A6965DAE8825}.Release|Any CPU.Build.0 = Release|Any CPU
		{A9D53AEC-0624-427A-94F4-3A0E7C9D72B7}.Debug|Any CPU.ActiveCfg = Debug|Any CPU
		{A9D53AEC-0624-427A-94F4-3A0E7C9D72B7}.Debug|Any CPU.Build.0 = Debug|Any CPU
		{A9D53AEC-0624-427A-94F4-3A0E7C9D72B7}.Release|Any CPU.ActiveCfg = Release|Any CPU
		{A9D53AEC-0624-427A-94F4-3A0E7C9D72B7}.Release|Any CPU.Build.0 = Release|Any CPU
		{042FCCFB-289B-4173-8270-0A08D38BC7C4}.Debug|Any CPU.ActiveCfg = Debug|Any CPU
		{042FCCFB-289B-4173-8270-0A08D38BC7C4}.Debug|Any CPU.Build.0 = Debug|Any CPU
		{042FCCFB-289B-4173-8270-0A08D38BC7C4}.Release|Any CPU.ActiveCfg = Release|Any CPU
		{042FCCFB-289B-4173-8270-0A08D38BC7C4}.Release|Any CPU.Build.0 = Release|Any CPU
		{F7163F01-26F0-4327-86EF-5DF0A8807571}.Debug|Any CPU.ActiveCfg = Debug|Any CPU
		{F7163F01-26F0-4327-86EF-5DF0A8807571}.Debug|Any CPU.Build.0 = Debug|Any CPU
		{F7163F01-26F0-4327-86EF-5DF0A8807571}.Release|Any CPU.ActiveCfg = Release|Any CPU
		{F7163F01-26F0-4327-86EF-5DF0A8807571}.Release|Any CPU.Build.0 = Release|Any CPU
		{C9EC7EA3-4B58-4A4D-B2C5-A43BC53CAC2C}.Debug|Any CPU.ActiveCfg = Debug|Any CPU
		{C9EC7EA3-4B58-4A4D-B2C5-A43BC53CAC2C}.Debug|Any CPU.Build.0 = Debug|Any CPU
		{C9EC7EA3-4B58-4A4D-B2C5-A43BC53CAC2C}.Release|Any CPU.ActiveCfg = Release|Any CPU
		{C9EC7EA3-4B58-4A4D-B2C5-A43BC53CAC2C}.Release|Any CPU.Build.0 = Release|Any CPU
	EndGlobalSection
	GlobalSection(SolutionProperties) = preSolution
		HideSolutionNode = FALSE
	EndGlobalSection
	GlobalSection(NestedProjects) = preSolution
		{F0E2A9BA-41CB-4C81-AA73-E4D478188A06} = {41E05466-7531-453F-83F2-51C80B5A2311}
		{863D6BF1-070B-49E0-812D-88D493B8BED6} = {11783D55-DA11-484F-9072-3A4502C34003}
		{A907A3E5-4557-4F8C-90CB-31828D9D74D1} = {1F7D95C6-6F6F-468E-8C1D-2483203953C5}
		{638C4E31-9A36-4F65-B845-4FAB3F55EEA9} = {1F7D95C6-6F6F-468E-8C1D-2483203953C5}
		{AABF67A6-B1A3-4EA1-86E8-FEFBBA58FE55} = {1F7D95C6-6F6F-468E-8C1D-2483203953C5}
		{6AF2E3CB-0281-4B6B-B9C5-8D38C49FECEC} = {2874FE92-8FDC-448F-A4C7-8BCD3B2E5A90}
		{FFD2123E-886D-468E-84EC-A6965DAE8825} = {2874FE92-8FDC-448F-A4C7-8BCD3B2E5A90}
		{A9D53AEC-0624-427A-94F4-3A0E7C9D72B7} = {2874FE92-8FDC-448F-A4C7-8BCD3B2E5A90}
		{042FCCFB-289B-4173-8270-0A08D38BC7C4} = {BC25AB99-0F02-4466-B668-7B8DC7309EB7}
		{F7163F01-26F0-4327-86EF-5DF0A8807571} = {BC25AB99-0F02-4466-B668-7B8DC7309EB7}
		{C9EC7EA3-4B58-4A4D-B2C5-A43BC53CAC2C} = {BC25AB99-0F02-4466-B668-7B8DC7309EB7}
	EndGlobalSection
	GlobalSection(ExtensibilityGlobals) = postSolution
		SolutionGuid = {D5B714E6-2FD9-4A2F-8FDC-656EFC22A053}
	EndGlobalSection
EndGlobal
